
Microsoft Visual Studio Solution File, Format Version 12.00
# Visual Studio Express 2012 for Windows Desktop
Project("{FAE04EC0-301F-11D3-BF4B-00C04F79EFBC}") = "IQLabsPairCompare", "IQLabsPairCompare\IQLabsPairCompare.csproj", "{8D62FDD6-1B27-403D-964C-DAA0615E7940}"
EndProject
Global
	GlobalSection(SolutionConfigurationPlatforms) = preSolution
		Debug|Any CPU = Debug|Any CPU
		Release|Any CPU = Release|Any CPU
	EndGlobalSection
	GlobalSection(ProjectConfigurationPlatforms) = postSolution
		{8D62FDD6-1B27-403D-964C-DAA0615E7940}.Debug|Any CPU.ActiveCfg = Debug|Any CPU
		{8D62FDD6-1B27-403D-964C-DAA0615E7940}.Debug|Any CPU.Build.0 = Debug|Any CPU
		{8D62FDD6-1B27-403D-964C-DAA0615E7940}.Release|Any CPU.ActiveCfg = Release|Any CPU
		{8D62FDD6-1B27-403D-964C-DAA0615E7940}.Release|Any CPU.Build.0 = Release|Any CPU
	EndGlobalSection
	GlobalSection(SolutionProperties) = preSolution
		HideSolutionNode = FALSE
	EndGlobalSection
EndGlobal
